lockfileVersion: '6.0'

settings:
  autoInstallPeers: true
  excludeLinksFromLockfile: false

devDependencies:
  '@types/eslint-config-prettier':
    specifier: ^6.11.3
    version: 6.11.3

packages:

  /@types/eslint-config-prettier@6.11.3:
    resolution: {integrity: sha512-3wXCiM8croUnhg9LdtZUJQwNcQYGWxxdOWDjPe1ykCqJFPVpzAKfs/2dgSoCtAvdPeaponcWPI7mPcGGp9dkKQ==}
    dev: true
